
Microsoft Visual Studio Solution File, Format Version 12.00
# Visual Studio Version 16
VisualStudioVersion = 16.0.30523.141
MinimumVisualStudioVersion = 10.0.40219.1
Project("{9A19103F-16F7-4668-BE54-9A1E7A4F7556}") = "eShopSolution.WebApp", "eShopSolution.WebApp\eShopSolution.WebApp.csproj", "{362800C9-6768-4922-B166-C62E3EC714E7}"
EndProject
Project("{FAE04EC0-301F-11D3-BF4B-00C04F79EFBC}") = "eShopSolution.Data", "eShopSolution.Data\eShopSolution.Data.csproj", "{9863D1F8-9C33-4F65-9CA5-B526A27EA882}"
EndProject
Project("{FAE04EC0-301F-11D3-BF4B-00C04F79EFBC}") = "eShopSolution.Application", "eShopSolution.Application\eShopSolution.Application.csproj", "{8150B90D-58B1-48C4-A935-EA51CF46F2E6}"
EndProject
Global
	GlobalSection(SolutionConfigurationPlatforms) = preSolution
		Debug|Any CPU = Debug|Any CPU
		Release|Any CPU = Release|Any CPU
	EndGlobalSection
	GlobalSection(ProjectConfigurationPlatforms) = postSolution
		{362800C9-6768-4922-B166-C62E3EC714E7}.Debug|Any CPU.ActiveCfg = Debug|Any CPU
		{362800C9-6768-4922-B166-C62E3EC714E7}.Debug|Any CPU.Build.0 = Debug|Any CPU
		{362800C9-6768-4922-B166-C62E3EC714E7}.Release|Any CPU.ActiveCfg = Release|Any CPU
		{362800C9-6768-4922-B166-C62E3EC714E7}.Release|Any CPU.Build.0 = Release|Any CPU
		{9863D1F8-9C33-4F65-9CA5-B526A27EA882}.Debug|Any CPU.ActiveCfg = Debug|Any CPU
		{9863D1F8-9C33-4F65-9CA5-B526A27EA882}.Debug|Any CPU.Build.0 = Debug|Any CPU
		{9863D1F8-9C33-4F65-9CA5-B526A27EA882}.Release|Any CPU.ActiveCfg = Release|Any CPU
		{9863D1F8-9C33-4F65-9CA5-B526A27EA882}.Release|Any CPU.Build.0 = Release|Any CPU
		{8150B90D-58B1-48C4-A935-EA51CF46F2E6}.Debug|Any CPU.ActiveCfg = Debug|Any CPU
		{8150B90D-58B1-48C4-A935-EA51CF46F2E6}.Debug|Any CPU.Build.0 = Debug|Any CPU
		{8150B90D-58B1-48C4-A935-EA51CF46F2E6}.Release|Any CPU.ActiveCfg = Release|Any CPU
		{8150B90D-58B1-48C4-A935-EA51CF46F2E6}.Release|Any CPU.Build.0 = Release|Any CPU
	EndGlobalSection
	GlobalSection(SolutionProperties) = preSolution
		HideSolutionNode = FALSE
	EndGlobalSection
	GlobalSection(ExtensibilityGlobals) = postSolution
		SolutionGuid = {49867E14-08C7-4A65-9AD7-1BAE53236245}
	EndGlobalSection
EndGlobal
